
Microsoft Visual Studio Solution File, Format Version 12.00
# Visual Studio Version 16
VisualStudioVersion = 16.0.31205.134
MinimumVisualStudioVersion = 10.0.40219.1
Project("{FAE04EC0-301F-11D3-BF4B-00C04F79EFBC}") = "CoronaXml", "CoronaXml.csproj", "{5E0F929F-49E0-4FDC-9982-D8E1BADF22F3}"
EndProject
Global
	GlobalSection(SolutionConfigurationPlatforms) = preSolution
		Debug|Any CPU = Debug|Any CPU
		Release|Any CPU = Release|Any CPU
	EndGlobalSection
	GlobalSection(ProjectConfigurationPlatforms) = postSolution
		{5E0F929F-49E0-4FDC-9982-D8E1BADF22F3}.Debug|Any CPU.ActiveCfg = Debug|Any CPU
		{5E0F929F-49E0-4FDC-9982-D8E1BADF22F3}.Debug|Any CPU.Build.0 = Debug|Any CPU
		{5E0F929F-49E0-4FDC-9982-D8E1BADF22F3}.Release|Any CPU.ActiveCfg = Release|Any CPU
		{5E0F929F-49E0-4FDC-9982-D8E1BADF22F3}.Release|Any CPU.Build.0 = Release|Any CPU
	EndGlobalSection
	GlobalSection(SolutionProperties) = preSolution
		HideSolutionNode = FALSE
	EndGlobalSection
	GlobalSection(ExtensibilityGlobals) = postSolution
		SolutionGuid = {E32ACFE4-46A0-4E47-BA86-0CD31915620C}
	EndGlobalSection
EndGlobal
